
Microsoft Visual Studio Solution File, Format Version 12.00
# Visual Studio Version 17
VisualStudioVersion = 17.10.34928.147
MinimumVisualStudioVersion = 10.0.40219.1
Project("{FAE04EC0-301F-11D3-BF4B-00C04F79EFBC}") = "MonitoramentoSistema", "MonitoramentoSistema\MonitoramentoSistema.csproj", "{FB473571-4DF9-4A31-A122-BD6AAE97881E}"
EndProject
Global
	GlobalSection(SolutionConfigurationPlatforms) = preSolution
		Debug|Any CPU = Debug|Any CPU
		Release|Any CPU = Release|Any CPU
	EndGlobalSection
	GlobalSection(ProjectConfigurationPlatforms) = postSolution
		{FB473571-4DF9-4A31-A122-BD6AAE97881E}.Debug|Any CPU.ActiveCfg = Debug|Any CPU
		{FB473571-4DF9-4A31-A122-BD6AAE97881E}.Debug|Any CPU.Build.0 = Debug|Any CPU
		{FB473571-4DF9-4A31-A122-BD6AAE97881E}.Release|Any CPU.ActiveCfg = Release|Any CPU
		{FB473571-4DF9-4A31-A122-BD6AAE97881E}.Release|Any CPU.Build.0 = Release|Any CPU
	EndGlobalSection
	GlobalSection(SolutionProperties) = preSolution
		HideSolutionNode = FALSE
	EndGlobalSection
	GlobalSection(ExtensibilityGlobals) = postSolution
		SolutionGuid = {E11885FB-D398-4B9E-993F-0AED18A1D38C}
	EndGlobalSection
EndGlobal
